
Microsoft Visual Studio Solution File, Format Version 12.00
# Visual Studio Version 17
VisualStudioVersion = 17.14.36518.9 d17.14
MinimumVisualStudioVersion = 10.0.40219.1
Project("{8BC9CEB8-8B4A-11D0-8D11-00A0C91BC942}") = "findDuplicates", "findDuplicates\findDuplicates.vcxproj", "{244A1D3E-DA8C-4F57-9664-71F72B054599}"
EndProject
Global
	GlobalSection(SolutionConfigurationPlatforms) = preSolution
		Debug|x64 = Debug|x64
		Debug|x86 = Debug|x86
		Release|x64 = Release|x64
		Release|x86 = Release|x86
	EndGlobalSection
	GlobalSection(ProjectConfigurationPlatforms) = postSolution
		{244A1D3E-DA8C-4F57-9664-71F72B054599}.Debug|x64.ActiveCfg = Debug|x64
		{244A1D3E-DA8C-4F57-9664-71F72B054599}.Debug|x64.Build.0 = Debug|x64
		{244A1D3E-DA8C-4F57-9664-71F72B054599}.Debug|x86.ActiveCfg = Debug|Win32
		{244A1D3E-DA8C-4F57-9664-71F72B054599}.Debug|x86.Build.0 = Debug|Win32
		{244A1D3E-DA8C-4F57-9664-71F72B054599}.Release|x64.ActiveCfg = Release|x64
		{244A1D3E-DA8C-4F57-9664-71F72B054599}.Release|x64.Build.0 = Release|x64
		{244A1D3E-DA8C-4F57-9664-71F72B054599}.Release|x86.ActiveCfg = Release|Win32
		{244A1D3E-DA8C-4F57-9664-71F72B054599}.Release|x86.Build.0 = Release|Win32
	EndGlobalSection
	GlobalSection(SolutionProperties) = preSolution
		HideSolutionNode = FALSE
	EndGlobalSection
	GlobalSection(ExtensibilityGlobals) = postSolution
		SolutionGuid = {8C23F01B-34DF-40AD-9FDC-6D8C0CEC546C}
	EndGlobalSection
EndGlobal
